
Microsoft Visual Studio Solution File, Format Version 12.00
# Visual Studio Version 17
VisualStudioVersion = 17.4.33205.214
MinimumVisualStudioVersion = 10.0.40219.1
Project("{FAE04EC0-301F-11D3-BF4B-00C04F79EFBC}") = "RazorPizzeria", "RazorPizzeria\RazorPizzeria.csproj", "{678E8CD4-529D-497C-B76A-06774A4EFB9A}"
EndProject
Global
	GlobalSection(SolutionConfigurationPlatforms) = preSolution
		Debug|Any CPU = Debug|Any CPU
		Release|Any CPU = Release|Any CPU
	EndGlobalSection
	GlobalSection(ProjectConfigurationPlatforms) = postSolution
		{678E8CD4-529D-497C-B76A-06774A4EFB9A}.Debug|Any CPU.ActiveCfg = Debug|Any CPU
		{678E8CD4-529D-497C-B76A-06774A4EFB9A}.Debug|Any CPU.Build.0 = Debug|Any CPU
		{678E8CD4-529D-497C-B76A-06774A4EFB9A}.Release|Any CPU.ActiveCfg = Release|Any CPU
		{678E8CD4-529D-497C-B76A-06774A4EFB9A}.Release|Any CPU.Build.0 = Release|Any CPU
	EndGlobalSection
	GlobalSection(SolutionProperties) = preSolution
		HideSolutionNode = FALSE
	EndGlobalSection
	GlobalSection(ExtensibilityGlobals) = postSolution
		SolutionGuid = {F78844DC-B56F-42EB-9BAD-405B70F09528}
	EndGlobalSection
EndGlobal
